
Microsoft Visual Studio Solution File, Format Version 12.00
# Visual Studio Version 17
VisualStudioVersion = 17.7.34024.191
MinimumVisualStudioVersion = 10.0.40219.1
Project("{FAE04EC0-301F-11D3-BF4B-00C04F79EFBC}") = "Тортики", "Тортики.csproj", "{97728474-BCE5-415B-8833-361BA5B33D50}"
EndProject
Global
	GlobalSection(SolutionConfigurationPlatforms) = preSolution
		Debug|Any CPU = Debug|Any CPU
		Release|Any CPU = Release|Any CPU
	EndGlobalSection
	GlobalSection(ProjectConfigurationPlatforms) = postSolution
		{97728474-BCE5-415B-8833-361BA5B33D50}.Debug|Any CPU.ActiveCfg = Debug|Any CPU
		{97728474-BCE5-415B-8833-361BA5B33D50}.Debug|Any CPU.Build.0 = Debug|Any CPU
		{97728474-BCE5-415B-8833-361BA5B33D50}.Release|Any CPU.ActiveCfg = Release|Any CPU
		{97728474-BCE5-415B-8833-361BA5B33D50}.Release|Any CPU.Build.0 = Release|Any CPU
	EndGlobalSection
	GlobalSection(SolutionProperties) = preSolution
		HideSolutionNode = FALSE
	EndGlobalSection
	GlobalSection(ExtensibilityGlobals) = postSolution
		SolutionGuid = {F9FC2AE8-FA93-473F-AB25-952EB00313E0}
	EndGlobalSection
EndGlobal
